# This file is automatically @generated by Cargo.
# It is not intended for manual editing.
version = 3

[[package]]
name = "ahash"
version = "0.3.8"
source = "registry+https://github.com/rust-lang/crates.io-index"
checksum = "e8fd72866655d1904d6b0997d0b07ba561047d070fbe29de039031c641b61217"
dependencies = [
 "const-random",
]

[[package]]
name = "anyhow"
version = "1.0.57"
source = "registry+https://github.com/rust-lang/crates.io-index"
checksum = "08f9b8508dccb7687a1d6c4ce66b2b0ecef467c94667de27d8d7fe1f8d2a9cdc"

[[package]]
name = "ariadne"
version = "0.1.5"
source = "registry+https://github.com/rust-lang/crates.io-index"
checksum = "f1cb2a2046bea8ce5e875551f5772024882de0b540c7f93dfc5d6cf1ca8b030c"
dependencies = [
 "yansi",
]

[[package]]
name = "atty"
version = "0.2.14"
source = "registry+https://github.com/rust-lang/crates.io-index"
checksum = "d9b39be18770d11421cdb1b9947a45dd3f37e93092cbf377614828a319d5fee8"
dependencies = [
 "hermit-abi",
 "libc",
 "winapi",
]

[[package]]
name = "autocfg"
version = "1.1.0"
source = "registry+https://github.com/rust-lang/crates.io-index"
checksum = "d468802bab17cbc0cc575e9b053f41e72aa36bfa6b7f55e3529ffa43161b97fa"

[[package]]
name = "beef"
version = "0.5.2"
source = "registry+https://github.com/rust-lang/crates.io-index"
checksum = "3a8241f3ebb85c056b509d4327ad0358fbbba6ffb340bf388f26350aeda225b1"

[[package]]
name = "bitflags"
version = "1.3.2"
source = "registry+https://github.com/rust-lang/crates.io-index"
checksum = "bef38d45163c2f1dde094a7dfd33ccf595c92905c8f8f4fdc18d06fb1037718a"

[[package]]
name = "bumpalo"
version = "3.10.0"
source = "registry+https://github.com/rust-lang/crates.io-index"
checksum = "37ccbd214614c6783386c1af30caf03192f17891059cecc394b4fb119e363de3"

[[package]]
name = "cfg-if"
version = "1.0.0"
source = "registry+https://github.com/rust-lang/crates.io-index"
checksum = "baf1de4339761588bc0619e3cbc0120ee582ebb74b53b4efbf79117bd2da40fd"

[[package]]
name = "chumsky"
version = "0.8.0"
source = "registry+https://github.com/rust-lang/crates.io-index"
checksum = "8d02796e4586c6c41aeb68eae9bfb4558a522c35f1430c14b40136c3706e09e4"
dependencies = [
 "ahash",
]

[[package]]
name = "clap"
version = "3.2.5"
source = "registry+https://github.com/rust-lang/crates.io-index"
checksum = "d53da17d37dba964b9b3ecb5c5a1f193a2762c700e6829201e645b9381c99dc7"
dependencies = [
 "atty",
 "bitflags",
 "clap_derive",
 "clap_lex",
 "indexmap",
 "once_cell",
 "strsim",
 "termcolor",
 "textwrap",
]

[[package]]
name = "clap_derive"
version = "3.2.5"
source = "registry+https://github.com/rust-lang/crates.io-index"
checksum = "c11d40217d16aee8508cc8e5fde8b4ff24639758608e5374e731b53f85749fb9"
dependencies = [
 "heck",
 "proc-macro-error",
 "proc-macro2",
 "quote",
 "syn",
]

[[package]]
name = "clap_lex"
version = "0.2.2"
source = "registry+https://github.com/rust-lang/crates.io-index"
checksum = "5538cd660450ebeb4234cfecf8f2284b844ffc4c50531e66d584ad5b91293613"
dependencies = [
 "os_str_bytes",
]

[[package]]
name = "const-random"
version = "0.1.13"
source = "registry+https://github.com/rust-lang/crates.io-index"
checksum = "f590d95d011aa80b063ffe3253422ed5aa462af4e9867d43ce8337562bac77c4"
dependencies = [
 "const-random-macro",
 "proc-macro-hack",
]

[[package]]
name = "const-random-macro"
version = "0.1.13"
source = "registry+https://github.com/rust-lang/crates.io-index"
checksum = "615f6e27d000a2bffbc7f2f6a8669179378fa27ee4d0a509e985dfc0a7defb40"
dependencies = [
 "getrandom",
 "lazy_static",
 "proc-macro-hack",
 "tiny-keccak",
]

[[package]]
name = "crunchy"
version = "0.2.2"
source = "registry+https://github.com/rust-lang/crates.io-index"
checksum = "7a81dae078cea95a014a339291cec439d2f232ebe854a9d672b796c6afafa9b7"

[[package]]
name = "fnv"
version = "1.0.7"
source = "registry+https://github.com/rust-lang/crates.io-index"
checksum = "3f9eec918d3f24069decb9af1554cad7c880e2da24a9afd88aca000531ab82c1"

[[package]]
name = "getrandom"
version = "0.2.6"
source = "registry+https://github.com/rust-lang/crates.io-index"
checksum = "9be70c98951c83b8d2f8f60d7065fa6d5146873094452a1008da8c2f1e4205ad"
dependencies = [
 "cfg-if",
 "libc",
 "wasi",
]

[[package]]
name = "hashbrown"
version = "0.11.2"
source = "registry+https://github.com/rust-lang/crates.io-index"
checksum = "ab5ef0d4909ef3724cc8cce6ccc8572c5c817592e9285f5464f8e86f8bd3726e"

[[package]]
name = "heck"
version = "0.4.0"
source = "registry+https://github.com/rust-lang/crates.io-index"
checksum = "2540771e65fc8cb83cd6e8a237f70c319bd5c29f78ed1084ba5d50eeac86f7f9"

[[package]]
name = "hermit-abi"
version = "0.1.19"
source = "registry+https://github.com/rust-lang/crates.io-index"
checksum = "62b467343b94ba476dcb2500d242dadbb39557df889310ac77c5d99100aaac33"
dependencies = [
 "libc",
]

[[package]]
name = "indexmap"
version = "1.8.2"
source = "registry+https://github.com/rust-lang/crates.io-index"
checksum = "e6012d540c5baa3589337a98ce73408de9b5a25ec9fc2c6fd6be8f0d39e0ca5a"
dependencies = [
 "autocfg",
 "hashbrown",
]

[[package]]
name = "lazy_static"
version = "1.4.0"
source = "registry+https://github.com/rust-lang/crates.io-index"
checksum = "e2abad23fbc42b3700f2f279844dc832adb2b2eb069b2df918f455c4e18cc646"

[[package]]
name = "libc"
version = "0.2.126"
source = "registry+https://github.com/rust-lang/crates.io-index"
checksum = "349d5a591cd28b49e1d1037471617a32ddcda5731b99419008085f72d5a53836"

[[package]]
name = "log"
version = "0.4.17"
source = "registry+https://github.com/rust-lang/crates.io-index"
checksum = "abb12e687cfb44aa40f41fc3978ef76448f9b6038cad6aef4259d3c095a2382e"
dependencies = [
 "cfg-if",
]

[[package]]
name = "logos"
version = "0.12.1"
source = "registry+https://github.com/rust-lang/crates.io-index"
checksum = "bf8b031682c67a8e3d5446840f9573eb7fe26efe7ec8d195c9ac4c0647c502f1"
dependencies = [
 "logos-derive",
]

[[package]]
name = "logos-derive"
version = "0.12.1"
source = "registry+https://github.com/rust-lang/crates.io-index"
checksum = "a1d849148dbaf9661a6151d1ca82b13bb4c4c128146a88d05253b38d4e2f496c"
dependencies = [
 "beef",
 "fnv",
 "proc-macro2",
 "quote",
 "regex-syntax",
 "syn",
]

[[package]]
name = "once_cell"
version = "1.12.0"
source = "registry+https://github.com/rust-lang/crates.io-index"
checksum = "7709cef83f0c1f58f666e746a08b21e0085f7440fa6a29cc194d68aac97a4225"

[[package]]
name = "os_str_bytes"
version = "6.1.0"
source = "registry+https://github.com/rust-lang/crates.io-index"
checksum = "21326818e99cfe6ce1e524c2a805c189a99b5ae555a35d19f9a284b427d86afa"

[[package]]
name = "papyrus_compiler_cli"
version = "0.1.0"
dependencies = [
 "anyhow",
 "ariadne",
 "clap",
 "papyrus_compiler_core",
 "papyrus_compiler_lexer",
 "papyrus_compiler_parser",
]

[[package]]
name = "papyrus_compiler_core"
version = "0.1.0"
dependencies = [
 "anyhow",
 "ariadne",
 "papyrus_compiler_lexer",
 "papyrus_compiler_parser",
]

[[package]]
name = "papyrus_compiler_lexer"
version = "0.1.0"
dependencies = [
 "logos",
 "strum_macros",
]

[[package]]
name = "papyrus_compiler_parser"
version = "0.1.0"
dependencies = [
 "chumsky",
 "papyrus_compiler_lexer",
 "smallbox",
 "strum_macros",
]

[[package]]
name = "papyrus_compiler_wasm"
version = "0.1.0"
dependencies = [
 "papyrus_compiler_core",
 "papyrus_compiler_lexer",
 "papyrus_compiler_parser",
 "wasm-bindgen",
]

[[package]]
name = "proc-macro-error"
version = "1.0.4"
source = "registry+https://github.com/rust-lang/crates.io-index"
checksum = "da25490ff9892aab3fcf7c36f08cfb902dd3e71ca0f9f9517bea02a73a5ce38c"
dependencies = [
 "proc-macro-error-attr",
 "proc-macro2",
 "quote",
 "syn",
 "version_check",
]

[[package]]
name = "proc-macro-error-attr"
version = "1.0.4"
source = "registry+https://github.com/rust-lang/crates.io-index"
checksum = "a1be40180e52ecc98ad80b184934baf3d0d29f979574e439af5a55274b35f869"
dependencies = [
 "proc-macro2",
 "quote",
 "version_check",
]

[[package]]
name = "proc-macro-hack"
version = "0.5.19"
source = "registry+https://github.com/rust-lang/crates.io-index"
checksum = "dbf0c48bc1d91375ae5c3cd81e3722dff1abcf81a30960240640d223f59fe0e5"

[[package]]
name = "proc-macro2"
version = "1.0.39"
source = "registry+https://github.com/rust-lang/crates.io-index"
checksum = "c54b25569025b7fc9651de43004ae593a75ad88543b17178aa5e1b9c4f15f56f"
dependencies = [
 "unicode-ident",
]

[[package]]
name = "quote"
version = "1.0.18"
source = "registry+https://github.com/rust-lang/crates.io-index"
checksum = "a1feb54ed693b93a84e14094943b84b7c4eae204c512b7ccb95ab0c66d278ad1"
dependencies = [
 "proc-macro2",
]

[[package]]
name = "regex-syntax"
version = "0.6.26"
source = "registry+https://github.com/rust-lang/crates.io-index"
checksum = "49b3de9ec5dc0a3417da371aab17d729997c15010e7fd24ff707773a33bddb64"

[[package]]
name = "rustversion"
version = "1.0.6"
source = "registry+https://github.com/rust-lang/crates.io-index"
checksum = "f2cc38e8fa666e2de3c4aba7edeb5ffc5246c1c2ed0e3d17e560aeeba736b23f"

[[package]]
name = "smallbox"
version = "0.8.1"
source = "registry+https://github.com/rust-lang/crates.io-index"
checksum = "4679d6eef28b85020158619fc09769de89e90886c5de7157587d87cb72648faa"

[[package]]
name = "strsim"
version = "0.10.0"
source = "registry+https://github.com/rust-lang/crates.io-index"
checksum = "73473c0e59e6d5812c5dfe2a064a6444949f089e20eec9a2e5506596494e4623"

[[package]]
name = "strum_macros"
version = "0.24.1"
source = "registry+https://github.com/rust-lang/crates.io-index"
checksum = "9550962e7cf70d9980392878dfaf1dcc3ece024f4cf3bf3c46b978d0bad61d6c"
dependencies = [
 "heck",
 "proc-macro2",
 "quote",
 "rustversion",
 "syn",
]

[[package]]
name = "syn"
version = "1.0.95"
source = "registry+https://github.com/rust-lang/crates.io-index"
checksum = "fbaf6116ab8924f39d52792136fb74fd60a80194cf1b1c6ffa6453eef1c3f942"
dependencies = [
 "proc-macro2",
 "quote",
 "unicode-ident",
]

[[package]]
name = "termcolor"
version = "1.1.3"
source = "registry+https://github.com/rust-lang/crates.io-index"
checksum = "bab24d30b911b2376f3a13cc2cd443142f0c81dda04c118693e35b3835757755"
dependencies = [
 "winapi-util",
]

[[package]]
name = "textwrap"
version = "0.15.0"
source = "registry+https://github.com/rust-lang/crates.io-index"
checksum = "b1141d4d61095b28419e22cb0bbf02755f5e54e0526f97f1e3d1d160e60885fb"

[[package]]
name = "tiny-keccak"
version = "2.0.2"
source = "registry+https://github.com/rust-lang/crates.io-index"
checksum = "2c9d3793400a45f954c52e73d068316d76b6f4e36977e3fcebb13a2721e80237"
dependencies = [
 "crunchy",
]

[[package]]
name = "unicode-ident"
version = "1.0.0"
source = "registry+https://github.com/rust-lang/crates.io-index"
checksum = "d22af068fba1eb5edcb4aea19d382b2a3deb4c8f9d475c589b6ada9e0fd493ee"

[[package]]
name = "version_check"
version = "0.9.4"
source = "registry+https://github.com/rust-lang/crates.io-index"
checksum = "49874b5167b65d7193b8aba1567f5c7d93d001cafc34600cee003eda787e483f"

[[package]]
name = "wasi"
version = "0.10.2+wasi-snapshot-preview1"
source = "registry+https://github.com/rust-lang/crates.io-index"
checksum = "fd6fbd9a79829dd1ad0cc20627bf1ed606756a7f77edff7b66b7064f9cb327c6"

[[package]]
name = "wasm-bindgen"
version = "0.2.81"
source = "registry+https://github.com/rust-lang/crates.io-index"
checksum = "7c53b543413a17a202f4be280a7e5c62a1c69345f5de525ee64f8cfdbc954994"
dependencies = [
 "cfg-if",
 "wasm-bindgen-macro",
]

[[package]]
name = "wasm-bindgen-backend"
version = "0.2.81"
source = "registry+https://github.com/rust-lang/crates.io-index"
checksum = "5491a68ab4500fa6b4d726bd67408630c3dbe9c4fe7bda16d5c82a1fd8c7340a"
dependencies = [
 "bumpalo",
 "lazy_static",
 "log",
 "proc-macro2",
 "quote",
 "syn",
 "wasm-bindgen-shared",
]

[[package]]
name = "wasm-bindgen-macro"
version = "0.2.81"
source = "registry+https://github.com/rust-lang/crates.io-index"
checksum = "c441e177922bc58f1e12c022624b6216378e5febc2f0533e41ba443d505b80aa"
dependencies = [
 "quote",
 "wasm-bindgen-macro-support",
]

[[package]]
name = "wasm-bindgen-macro-support"
version = "0.2.81"
source = "registry+https://github.com/rust-lang/crates.io-index"
checksum = "7d94ac45fcf608c1f45ef53e748d35660f168490c10b23704c7779ab8f5c3048"
dependencies = [
 "proc-macro2",
 "quote",
 "syn",
 "wasm-bindgen-backend",
 "wasm-bindgen-shared",
]

[[package]]
name = "wasm-bindgen-shared"
version = "0.2.81"
source = "registry+https://github.com/rust-lang/crates.io-index"
checksum = "6a89911bd99e5f3659ec4acf9c4d93b0a90fe4a2a11f15328472058edc5261be"

[[package]]
name = "winapi"
version = "0.3.9"
source = "registry+https://github.com/rust-lang/crates.io-index"
checksum = "5c839a674fcd7a98952e593242ea400abe93992746761e38641405d28b00f419"
dependencies = [
 "winapi-i686-pc-windows-gnu",
 "winapi-x86_64-pc-windows-gnu",
]

[[package]]
name = "winapi-i686-pc-windows-gnu"
version = "0.4.0"
source = "registry+https://github.com/rust-lang/crates.io-index"
checksum = "ac3b87c63620426dd9b991e5ce0329eff545bccbbb34f3be09ff6fb6ab51b7b6"

[[package]]
name = "winapi-util"
version = "0.1.5"
source = "registry+https://github.com/rust-lang/crates.io-index"
checksum = "70ec6ce85bb158151cae5e5c87f95a8e97d2c0c4b001223f33a334e3ce5de178"
dependencies = [
 "winapi",
]

[[package]]
name = "winapi-x86_64-pc-windows-gnu"
version = "0.4.0"
source = "registry+https://github.com/rust-lang/crates.io-index"
checksum = "712e227841d057c1ee1cd2fb22fa7e5a5461ae8e48fa2ca79ec42cfc1931183f"

[[package]]
name = "yansi"
version = "0.5.1"
source = "registry+https://github.com/rust-lang/crates.io-index"
checksum = "09041cd90cf85f7f8b2df60c646f853b7f535ce68f85244eb6731cf89fa498ec"
